
Microsoft Visual Studio Solution File, Format Version 12.00
# Visual Studio Version 16
VisualStudioVersion = 16.0.31829.152
MinimumVisualStudioVersion = 10.0.40219.1
Project("{FAE04EC0-301F-11D3-BF4B-00C04F79EFBC}") = "POE-18012508", "POE-18012508\POE-18012508.csproj", "{1161D23A-8D2F-4953-942B-68FABBFBBC42}"
EndProject
Global
	GlobalSection(SolutionConfigurationPlatforms) = preSolution
		Debug|Any CPU = Debug|Any CPU
		Release|Any CPU = Release|Any CPU
	EndGlobalSection
	GlobalSection(ProjectConfigurationPlatforms) = postSolution
		{1161D23A-8D2F-4953-942B-68FABBFBBC42}.Debug|Any CPU.ActiveCfg = Debug|Any CPU
		{1161D23A-8D2F-4953-942B-68FABBFBBC42}.Debug|Any CPU.Build.0 = Debug|Any CPU
		{1161D23A-8D2F-4953-942B-68FABBFBBC42}.Release|Any CPU.ActiveCfg = Release|Any CPU
		{1161D23A-8D2F-4953-942B-68FABBFBBC42}.Release|Any CPU.Build.0 = Release|Any CPU
	EndGlobalSection
	GlobalSection(SolutionProperties) = preSolution
		HideSolutionNode = FALSE
	EndGlobalSection
	GlobalSection(ExtensibilityGlobals) = postSolution
		SolutionGuid = {F6FB21D7-F699-479B-A2AB-98CF5BEC1C2A}
	EndGlobalSection
EndGlobal
